
Microsoft Visual Studio Solution File, Format Version 12.00
# Visual Studio 15
VisualStudioVersion = 15.0.28307.2017
MinimumVisualStudioVersion = 10.0.40219.1
Project("{FAE04EC0-301F-11D3-BF4B-00C04F79EFBC}") = "WebTracNghiem", "WebTracNghiem\WebTracNghiem.csproj", "{76EC86C1-8719-48B6-A186-6036E60C7AA0}"
EndProject
Project("{2150E333-8FDC-42A3-9474-1A3956D46DE8}") = "Asset", "Asset", "{F01F0C72-FA7F-42FB-AE53-935D656D39BB}"
EndProject
Project("{2150E333-8FDC-42A3-9474-1A3956D46DE8}") = "js", "js", "{289334C8-91F5-4ABA-A4CC-747D103168F7}"
EndProject
Global
	GlobalSection(SolutionConfigurationPlatforms) = preSolution
		Debug|Any CPU = Debug|Any CPU
		Release|Any CPU = Release|Any CPU
	EndGlobalSection
	GlobalSection(ProjectConfigurationPlatforms) = postSolution
		{76EC86C1-8719-48B6-A186-6036E60C7AA0}.Debug|Any CPU.ActiveCfg = Debug|Any CPU
		{76EC86C1-8719-48B6-A186-6036E60C7AA0}.Debug|Any CPU.Build.0 = Debug|Any CPU
		{76EC86C1-8719-48B6-A186-6036E60C7AA0}.Release|Any CPU.ActiveCfg = Release|Any CPU
		{76EC86C1-8719-48B6-A186-6036E60C7AA0}.Release|Any CPU.Build.0 = Release|Any CPU
	EndGlobalSection
	GlobalSection(SolutionProperties) = preSolution
		HideSolutionNode = FALSE
	EndGlobalSection
	GlobalSection(NestedProjects) = preSolution
		{289334C8-91F5-4ABA-A4CC-747D103168F7} = {F01F0C72-FA7F-42FB-AE53-935D656D39BB}
	EndGlobalSection
	GlobalSection(ExtensibilityGlobals) = postSolution
		SolutionGuid = {6FB2914D-CF18-46FF-BB47-620703675C3F}
	EndGlobalSection
EndGlobal
